
Microsoft Visual Studio Solution File, Format Version 12.00
# Visual Studio Version 17
VisualStudioVersion = 17.1.32319.34
MinimumVisualStudioVersion = 10.0.40219.1
Project("{9A19103F-16F7-4668-BE54-9A1E7A4F7556}") = "testesAutomatizados", "testesAutomatizados.csproj", "{A97C7AD9-FBB6-4DAD-BA5A-3554ACFDE880}"
EndProject
Global
	GlobalSection(SolutionConfigurationPlatforms) = preSolution
		Debug|Any CPU = Debug|Any CPU
		Release|Any CPU = Release|Any CPU
	EndGlobalSection
	GlobalSection(ProjectConfigurationPlatforms) = postSolution
		{A97C7AD9-FBB6-4DAD-BA5A-3554ACFDE880}.Debug|Any CPU.ActiveCfg = Debug|Any CPU
		{A97C7AD9-FBB6-4DAD-BA5A-3554ACFDE880}.Debug|Any CPU.Build.0 = Debug|Any CPU
		{A97C7AD9-FBB6-4DAD-BA5A-3554ACFDE880}.Release|Any CPU.ActiveCfg = Release|Any CPU
		{A97C7AD9-FBB6-4DAD-BA5A-3554ACFDE880}.Release|Any CPU.Build.0 = Release|Any CPU
	EndGlobalSection
	GlobalSection(SolutionProperties) = preSolution
		HideSolutionNode = FALSE
	EndGlobalSection
	GlobalSection(ExtensibilityGlobals) = postSolution
		SolutionGuid = {E1B01A8B-BCD4-44C5-9ADC-749E050143CE}
	EndGlobalSection
EndGlobal
