
Microsoft Visual Studio Solution File, Format Version 12.00
# Visual Studio Version 17
VisualStudioVersion = 17.1.32319.34
MinimumVisualStudioVersion = 10.0.40219.1
Project("{9A19103F-16F7-4668-BE54-9A1E7A4F7556}") = "model", "model\model.csproj", "{DC7EB3C2-EED0-4756-8BE9-1560BDE452F2}"
EndProject
Project("{9A19103F-16F7-4668-BE54-9A1E7A4F7556}") = "testesAutomatizados", "testesAutomatizados\testesAutomatizados.csproj", "{73571055-094A-43C8-AEC0-03C94837569A}"
EndProject
Project("{9A19103F-16F7-4668-BE54-9A1E7A4F7556}") = "Enums", "Enums\Enums.csproj", "{BFAFBAFA-692D-4227-845A-2DE4A1E23E26}"
EndProject
Project("{9A19103F-16F7-4668-BE54-9A1E7A4F7556}") = "Interfaces", "Interfaces\Interfaces.csproj", "{56CBAC47-A8FE-46D5-985D-EC0C5C44C5BB}"
EndProject
Project("{FAE04EC0-301F-11D3-BF4B-00C04F79EFBC}") = "DAO", "DAO\DAO.csproj", "{BB693C8B-F98F-4780-9AC2-4E6BE24E6B62}"
EndProject
Global
	GlobalSection(SolutionConfigurationPlatforms) = preSolution
		Debug|Any CPU = Debug|Any CPU
		Release|Any CPU = Release|Any CPU
	EndGlobalSection
	GlobalSection(ProjectConfigurationPlatforms) = postSolution
		{DC7EB3C2-EED0-4756-8BE9-1560BDE452F2}.Debug|Any CPU.ActiveCfg = Debug|Any CPU
		{DC7EB3C2-EED0-4756-8BE9-1560BDE452F2}.Debug|Any CPU.Build.0 = Debug|Any CPU
		{DC7EB3C2-EED0-4756-8BE9-1560BDE452F2}.Release|Any CPU.ActiveCfg = Release|Any CPU
		{DC7EB3C2-EED0-4756-8BE9-1560BDE452F2}.Release|Any CPU.Build.0 = Release|Any CPU
		{73571055-094A-43C8-AEC0-03C94837569A}.Debug|Any CPU.ActiveCfg = Debug|Any CPU
		{73571055-094A-43C8-AEC0-03C94837569A}.Debug|Any CPU.Build.0 = Debug|Any CPU
		{73571055-094A-43C8-AEC0-03C94837569A}.Release|Any CPU.ActiveCfg = Release|Any CPU
		{73571055-094A-43C8-AEC0-03C94837569A}.Release|Any CPU.Build.0 = Release|Any CPU
		{BFAFBAFA-692D-4227-845A-2DE4A1E23E26}.Debug|Any CPU.ActiveCfg = Debug|Any CPU
		{BFAFBAFA-692D-4227-845A-2DE4A1E23E26}.Debug|Any CPU.Build.0 = Debug|Any CPU
		{BFAFBAFA-692D-4227-845A-2DE4A1E23E26}.Release|Any CPU.ActiveCfg = Release|Any CPU
		{BFAFBAFA-692D-4227-845A-2DE4A1E23E26}.Release|Any CPU.Build.0 = Release|Any CPU
		{56CBAC47-A8FE-46D5-985D-EC0C5C44C5BB}.Debug|Any CPU.ActiveCfg = Debug|Any CPU
		{56CBAC47-A8FE-46D5-985D-EC0C5C44C5BB}.Debug|Any CPU.Build.0 = Debug|Any CPU
		{56CBAC47-A8FE-46D5-985D-EC0C5C44C5BB}.Release|Any CPU.ActiveCfg = Release|Any CPU
		{56CBAC47-A8FE-46D5-985D-EC0C5C44C5BB}.Release|Any CPU.Build.0 = Release|Any CPU
		{BB693C8B-F98F-4780-9AC2-4E6BE24E6B62}.Debug|Any CPU.ActiveCfg = Debug|Any CPU
		{BB693C8B-F98F-4780-9AC2-4E6BE24E6B62}.Debug|Any CPU.Build.0 = Debug|Any CPU
		{BB693C8B-F98F-4780-9AC2-4E6BE24E6B62}.Release|Any CPU.ActiveCfg = Release|Any CPU
		{BB693C8B-F98F-4780-9AC2-4E6BE24E6B62}.Release|Any CPU.Build.0 = Release|Any CPU
	EndGlobalSection
	GlobalSection(SolutionProperties) = preSolution
		HideSolutionNode = FALSE
	EndGlobalSection
	GlobalSection(ExtensibilityGlobals) = postSolution
		SolutionGuid = {A5F7CE46-E781-4CCC-8371-4C1A1DF41D80}
	EndGlobalSection
EndGlobal
